
Microsoft Visual Studio Solution File, Format Version 12.00
# Visual Studio 15
VisualStudioVersion = 15.0.28010.2019
MinimumVisualStudioVersion = 10.0.40219.1
Project("{FAE04EC0-301F-11D3-BF4B-00C04F79EFBC}") = "Homework3", "Homework3.csproj", "{323D2B36-DDAC-425A-9EFD-F861F2DB5C04}"
EndProject
Global
	GlobalSection(SolutionConfigurationPlatforms) = preSolution
		Debug|Any CPU = Debug|Any CPU
		Release|Any CPU = Release|Any CPU
	EndGlobalSection
	GlobalSection(ProjectConfigurationPlatforms) = postSolution
		{323D2B36-DDAC-425A-9EFD-F861F2DB5C04}.Debug|Any CPU.ActiveCfg = Debug|Any CPU
		{323D2B36-DDAC-425A-9EFD-F861F2DB5C04}.Debug|Any CPU.Build.0 = Debug|Any CPU
		{323D2B36-DDAC-425A-9EFD-F861F2DB5C04}.Release|Any CPU.ActiveCfg = Release|Any CPU
		{323D2B36-DDAC-425A-9EFD-F861F2DB5C04}.Release|Any CPU.Build.0 = Release|Any CPU
	EndGlobalSection
	GlobalSection(SolutionProperties) = preSolution
		HideSolutionNode = FALSE
	EndGlobalSection
	GlobalSection(ExtensibilityGlobals) = postSolution
		SolutionGuid = {3640C492-2519-45C6-9A2D-AF31B772A722}
	EndGlobalSection
EndGlobal
