
Microsoft Visual Studio Solution File, Format Version 12.00
# Visual Studio 15
VisualStudioVersion = 15.0.28010.2019
MinimumVisualStudioVersion = 10.0.40219.1
Project("{FAE04EC0-301F-11D3-BF4B-00C04F79EFBC}") = "Exercise6", "Homework2\Exercise6.csproj", "{19A7D6EE-9EED-4BEC-A7D7-9F5FB7A9BDB5}"
EndProject
Project("{FAE04EC0-301F-11D3-BF4B-00C04F79EFBC}") = "Exercise7", "Exercise7\Exercise7.csproj", "{921E5CC1-AA31-44F4-A66F-2AC7FBCBEEFD}"
EndProject
Project("{FAE04EC0-301F-11D3-BF4B-00C04F79EFBC}") = "Exercise9", "Exercise9\Exercise9.csproj", "{F574EF23-CE5E-41FC-942E-4787088BEF2A}"
EndProject
Global
	GlobalSection(SolutionConfigurationPlatforms) = preSolution
		Debug|Any CPU = Debug|Any CPU
		Release|Any CPU = Release|Any CPU
	EndGlobalSection
	GlobalSection(ProjectConfigurationPlatforms) = postSolution
		{19A7D6EE-9EED-4BEC-A7D7-9F5FB7A9BDB5}.Debug|Any CPU.ActiveCfg = Debug|Any CPU
		{19A7D6EE-9EED-4BEC-A7D7-9F5FB7A9BDB5}.Debug|Any CPU.Build.0 = Debug|Any CPU
		{19A7D6EE-9EED-4BEC-A7D7-9F5FB7A9BDB5}.Release|Any CPU.ActiveCfg = Release|Any CPU
		{19A7D6EE-9EED-4BEC-A7D7-9F5FB7A9BDB5}.Release|Any CPU.Build.0 = Release|Any CPU
		{921E5CC1-AA31-44F4-A66F-2AC7FBCBEEFD}.Debug|Any CPU.ActiveCfg = Debug|Any CPU
		{921E5CC1-AA31-44F4-A66F-2AC7FBCBEEFD}.Debug|Any CPU.Build.0 = Debug|Any CPU
		{921E5CC1-AA31-44F4-A66F-2AC7FBCBEEFD}.Release|Any CPU.ActiveCfg = Release|Any CPU
		{921E5CC1-AA31-44F4-A66F-2AC7FBCBEEFD}.Release|Any CPU.Build.0 = Release|Any CPU
		{F574EF23-CE5E-41FC-942E-4787088BEF2A}.Debug|Any CPU.ActiveCfg = Debug|Any CPU
		{F574EF23-CE5E-41FC-942E-4787088BEF2A}.Debug|Any CPU.Build.0 = Debug|Any CPU
		{F574EF23-CE5E-41FC-942E-4787088BEF2A}.Release|Any CPU.ActiveCfg = Release|Any CPU
		{F574EF23-CE5E-41FC-942E-4787088BEF2A}.Release|Any CPU.Build.0 = Release|Any CPU
	EndGlobalSection
	GlobalSection(SolutionProperties) = preSolution
		HideSolutionNode = FALSE
	EndGlobalSection
	GlobalSection(ExtensibilityGlobals) = postSolution
		SolutionGuid = {D3E6E6B8-2302-4060-B912-A3353E3B381F}
	EndGlobalSection
EndGlobal
