
Microsoft Visual Studio Solution File, Format Version 12.00
# Visual Studio 15
VisualStudioVersion = 15.0.28010.2019
MinimumVisualStudioVersion = 10.0.40219.1
Project("{FAE04EC0-301F-11D3-BF4B-00C04F79EFBC}") = "OrderWinForm", "OrderWinForm\OrderWinForm.csproj", "{84EE5183-5D27-4380-9671-2144157A5FB2}"
EndProject
Global
	GlobalSection(SolutionConfigurationPlatforms) = preSolution
		Debug|Any CPU = Debug|Any CPU
		Release|Any CPU = Release|Any CPU
	EndGlobalSection
	GlobalSection(ProjectConfigurationPlatforms) = postSolution
		{84EE5183-5D27-4380-9671-2144157A5FB2}.Debug|Any CPU.ActiveCfg = Debug|Any CPU
		{84EE5183-5D27-4380-9671-2144157A5FB2}.Debug|Any CPU.Build.0 = Debug|Any CPU
		{84EE5183-5D27-4380-9671-2144157A5FB2}.Release|Any CPU.ActiveCfg = Release|Any CPU
		{84EE5183-5D27-4380-9671-2144157A5FB2}.Release|Any CPU.Build.0 = Release|Any CPU
	EndGlobalSection
	GlobalSection(SolutionProperties) = preSolution
		HideSolutionNode = FALSE
	EndGlobalSection
	GlobalSection(ExtensibilityGlobals) = postSolution
		SolutionGuid = {24F76CA3-83B2-4297-B09D-769231F2749A}
	EndGlobalSection
EndGlobal
