
Microsoft Visual Studio Solution File, Format Version 12.00
# Visual Studio 15
VisualStudioVersion = 15.0.28010.2019
MinimumVisualStudioVersion = 10.0.40219.1
Project("{FAE04EC0-301F-11D3-BF4B-00C04F79EFBC}") = "Homework6", "Homework6.csproj", "{5886CEB1-C3DA-41F4-94F1-6F40CFB76DE1}"
EndProject
Project("{FAE04EC0-301F-11D3-BF4B-00C04F79EFBC}") = "UnitTestProject1", "..\UnitTestProject1\UnitTestProject1.csproj", "{AB8B98B6-DBD8-4A61-9796-EB1A2806ECE1}"
EndProject
Global
	GlobalSection(SolutionConfigurationPlatforms) = preSolution
		Debug|Any CPU = Debug|Any CPU
		Release|Any CPU = Release|Any CPU
	EndGlobalSection
	GlobalSection(ProjectConfigurationPlatforms) = postSolution
		{5886CEB1-C3DA-41F4-94F1-6F40CFB76DE1}.Debug|Any CPU.ActiveCfg = Debug|Any CPU
		{5886CEB1-C3DA-41F4-94F1-6F40CFB76DE1}.Debug|Any CPU.Build.0 = Debug|Any CPU
		{5886CEB1-C3DA-41F4-94F1-6F40CFB76DE1}.Release|Any CPU.ActiveCfg = Release|Any CPU
		{5886CEB1-C3DA-41F4-94F1-6F40CFB76DE1}.Release|Any CPU.Build.0 = Release|Any CPU
		{AB8B98B6-DBD8-4A61-9796-EB1A2806ECE1}.Debug|Any CPU.ActiveCfg = Debug|Any CPU
		{AB8B98B6-DBD8-4A61-9796-EB1A2806ECE1}.Debug|Any CPU.Build.0 = Debug|Any CPU
		{AB8B98B6-DBD8-4A61-9796-EB1A2806ECE1}.Release|Any CPU.ActiveCfg = Release|Any CPU
		{AB8B98B6-DBD8-4A61-9796-EB1A2806ECE1}.Release|Any CPU.Build.0 = Release|Any CPU
	EndGlobalSection
	GlobalSection(SolutionProperties) = preSolution
		HideSolutionNode = FALSE
	EndGlobalSection
	GlobalSection(ExtensibilityGlobals) = postSolution
		SolutionGuid = {4ECFB7F2-A675-4413-A0B6-7B75DB547FC2}
	EndGlobalSection
EndGlobal
